
Microsoft Visual Studio Solution File, Format Version 12.00
# Visual Studio Version 17
VisualStudioVersion = 17.7.34031.279
MinimumVisualStudioVersion = 10.0.40219.1
Project("{9A19103F-16F7-4668-BE54-9A1E7A4F7556}") = "30March", "30March.csproj", "{42C55D2B-F5CA-422E-9E62-A40B4A991E46}"
EndProject
Project("{778DAE3C-4631-46EA-AA77-85C1314464D9}") = "30MARCHVB", "..\30MARCHVB\30MARCHVB.vbproj", "{4CA74123-0B65-401E-BB5B-C954FD645E6B}"
EndProject
Project("{9A19103F-16F7-4668-BE54-9A1E7A4F7556}") = "ClassLibrary1", "..\ClassLibrary1\ClassLibrary1.csproj", "{90907D71-846C-430B-8C9C-79AB5AF88E40}"
EndProject
Project("{9A19103F-16F7-4668-BE54-9A1E7A4F7556}") = "NETDEMOS", "..\..\..\may\netdemos\NETDEMOS\NETDEMOS.csproj", "{538B24A4-F621-4AB4-88F7-48CE3B34C7BD}"
EndProject
Project("{9A19103F-16F7-4668-BE54-9A1E7A4F7556}") = "NETDEMO_RAZOR", "..\..\NETDEMO_RAZOR\NETDEMO_RAZOR\NETDEMO_RAZOR.csproj", "{C56D1A66-2A8D-400E-BECC-B460FB6E2B4C}"
EndProject
Project("{9A19103F-16F7-4668-BE54-9A1E7A4F7556}") = "MiddlewareDemo", "..\..\MiddlewareDemo\MiddlewareDemo\MiddlewareDemo.csproj", "{E7E4590B-0A3D-4EF2-9FB8-20B97494B7B1}"
EndProject
Project("{9A19103F-16F7-4668-BE54-9A1E7A4F7556}") = "RoutingDemo", "..\..\RoutingDemo\RoutingDemo\RoutingDemo.csproj", "{42DBE866-4F39-4033-83E0-BA60057B0D14}"
EndProject
Project("{9A19103F-16F7-4668-BE54-9A1E7A4F7556}") = "StaticFilesDemos", "..\StaticFilesDemos\StaticFilesDemos.csproj", "{1843D28B-7607-409B-8394-BF2DA850400F}"
EndProject
Project("{9A19103F-16F7-4668-BE54-9A1E7A4F7556}") = "ControllersDemo", "..\..\ControllersDemo\ControllersDemo\ControllersDemo.csproj", "{6050CC5A-18D3-462E-A527-6BB1618B2B4A}"
EndProject
Project("{FAE04EC0-301F-11D3-BF4B-00C04F79EFBC}") = "BindingDemo", "..\..\BindingDemo\BindingDemo\BindingDemo.csproj", "{29E3D8AE-F93D-444B-9FAF-E177840021B7}"
EndProject
Global
	GlobalSection(SolutionConfigurationPlatforms) = preSolution
		Debug|Any CPU = Debug|Any CPU
		Release|Any CPU = Release|Any CPU
	EndGlobalSection
	GlobalSection(ProjectConfigurationPlatforms) = postSolution
		{42C55D2B-F5CA-422E-9E62-A40B4A991E46}.Debug|Any CPU.ActiveCfg = Debug|Any CPU
		{42C55D2B-F5CA-422E-9E62-A40B4A991E46}.Debug|Any CPU.Build.0 = Debug|Any CPU
		{42C55D2B-F5CA-422E-9E62-A40B4A991E46}.Release|Any CPU.ActiveCfg = Release|Any CPU
		{42C55D2B-F5CA-422E-9E62-A40B4A991E46}.Release|Any CPU.Build.0 = Release|Any CPU
		{4CA74123-0B65-401E-BB5B-C954FD645E6B}.Debug|Any CPU.ActiveCfg = Debug|Any CPU
		{4CA74123-0B65-401E-BB5B-C954FD645E6B}.Debug|Any CPU.Build.0 = Debug|Any CPU
		{4CA74123-0B65-401E-BB5B-C954FD645E6B}.Release|Any CPU.ActiveCfg = Release|Any CPU
		{4CA74123-0B65-401E-BB5B-C954FD645E6B}.Release|Any CPU.Build.0 = Release|Any CPU
		{90907D71-846C-430B-8C9C-79AB5AF88E40}.Debug|Any CPU.ActiveCfg = Debug|Any CPU
		{90907D71-846C-430B-8C9C-79AB5AF88E40}.Debug|Any CPU.Build.0 = Debug|Any CPU
		{90907D71-846C-430B-8C9C-79AB5AF88E40}.Release|Any CPU.ActiveCfg = Release|Any CPU
		{90907D71-846C-430B-8C9C-79AB5AF88E40}.Release|Any CPU.Build.0 = Release|Any CPU
		{538B24A4-F621-4AB4-88F7-48CE3B34C7BD}.Debug|Any CPU.ActiveCfg = Debug|Any CPU
		{538B24A4-F621-4AB4-88F7-48CE3B34C7BD}.Debug|Any CPU.Build.0 = Debug|Any CPU
		{538B24A4-F621-4AB4-88F7-48CE3B34C7BD}.Release|Any CPU.ActiveCfg = Release|Any CPU
		{538B24A4-F621-4AB4-88F7-48CE3B34C7BD}.Release|Any CPU.Build.0 = Release|Any CPU
		{C56D1A66-2A8D-400E-BECC-B460FB6E2B4C}.Debug|Any CPU.ActiveCfg = Debug|Any CPU
		{C56D1A66-2A8D-400E-BECC-B460FB6E2B4C}.Debug|Any CPU.Build.0 = Debug|Any CPU
		{C56D1A66-2A8D-400E-BECC-B460FB6E2B4C}.Release|Any CPU.ActiveCfg = Release|Any CPU
		{C56D1A66-2A8D-400E-BECC-B460FB6E2B4C}.Release|Any CPU.Build.0 = Release|Any CPU
		{E7E4590B-0A3D-4EF2-9FB8-20B97494B7B1}.Debug|Any CPU.ActiveCfg = Debug|Any CPU
		{E7E4590B-0A3D-4EF2-9FB8-20B97494B7B1}.Debug|Any CPU.Build.0 = Debug|Any CPU
		{E7E4590B-0A3D-4EF2-9FB8-20B97494B7B1}.Release|Any CPU.ActiveCfg = Release|Any CPU
		{E7E4590B-0A3D-4EF2-9FB8-20B97494B7B1}.Release|Any CPU.Build.0 = Release|Any CPU
		{42DBE866-4F39-4033-83E0-BA60057B0D14}.Debug|Any CPU.ActiveCfg = Debug|Any CPU
		{42DBE866-4F39-4033-83E0-BA60057B0D14}.Debug|Any CPU.Build.0 = Debug|Any CPU
		{42DBE866-4F39-4033-83E0-BA60057B0D14}.Release|Any CPU.ActiveCfg = Release|Any CPU
		{42DBE866-4F39-4033-83E0-BA60057B0D14}.Release|Any CPU.Build.0 = Release|Any CPU
		{1843D28B-7607-409B-8394-BF2DA850400F}.Debug|Any CPU.ActiveCfg = Debug|Any CPU
		{1843D28B-7607-409B-8394-BF2DA850400F}.Debug|Any CPU.Build.0 = Debug|Any CPU
		{1843D28B-7607-409B-8394-BF2DA850400F}.Release|Any CPU.ActiveCfg = Release|Any CPU
		{1843D28B-7607-409B-8394-BF2DA850400F}.Release|Any CPU.Build.0 = Release|Any CPU
		{6050CC5A-18D3-462E-A527-6BB1618B2B4A}.Debug|Any CPU.ActiveCfg = Debug|Any CPU
		{6050CC5A-18D3-462E-A527-6BB1618B2B4A}.Debug|Any CPU.Build.0 = Debug|Any CPU
		{6050CC5A-18D3-462E-A527-6BB1618B2B4A}.Release|Any CPU.ActiveCfg = Release|Any CPU
		{6050CC5A-18D3-462E-A527-6BB1618B2B4A}.Release|Any CPU.Build.0 = Release|Any CPU
		{29E3D8AE-F93D-444B-9FAF-E177840021B7}.Debug|Any CPU.ActiveCfg = Debug|Any CPU
		{29E3D8AE-F93D-444B-9FAF-E177840021B7}.Debug|Any CPU.Build.0 = Debug|Any CPU
		{29E3D8AE-F93D-444B-9FAF-E177840021B7}.Release|Any CPU.ActiveCfg = Release|Any CPU
		{29E3D8AE-F93D-444B-9FAF-E177840021B7}.Release|Any CPU.Build.0 = Release|Any CPU
	EndGlobalSection
	GlobalSection(SolutionProperties) = preSolution
		HideSolutionNode = FALSE
	EndGlobalSection
	GlobalSection(ExtensibilityGlobals) = postSolution
		SolutionGuid = {DFDB3E9A-759D-4DE6-A89F-FD63D39D9881}
	EndGlobalSection
EndGlobal
